// !$*UTF8*$!
{
	archiveVersion = 1;
	classes = {
	};
	objectVersion = 50;
	objects = {

/* Begin PBXBuildFile section */
		AF9B657820AE4A140076666A /* AppDelegate.swift in Sources */ = {isa = PBXBuildFile; fileRef = AF9B657720AE4A140076666A /* AppDelegate.swift */; };
		AF9B657A20AE4A140076666A /* ViewController.swift in Sources */ = {isa = PBXBuildFile; fileRef = AF9B657920AE4A140076666A /* ViewController.swift */; };
		AF9B657D20AE4A140076666A /* Main.storyboard in Resources */ = {isa = PBXBuildFile; fileRef = AF9B657B20AE4A140076666A /* Main.storyboard */; };
		AF9B657F20AE4A150076666A /* Assets.xcassets in Resources */ = {isa = PBXBuildFile; fileRef = AF9B657E20AE4A150076666A /* Assets.xcassets */; };
		AF9B658220AE4A150076666A /* LaunchScreen.storyboard in Resources */ = {isa = PBXBuildFile; fileRef = AF9B658020AE4A150076666A /* LaunchScreen.storyboard */; };
		AF9B658A20AE4C010076666A /* ARSettings.swift in Sources */ = {isa = PBXBuildFile; fileRef = AF9B658920AE4C010076666A /* ARSettings.swift */; };
/* End PBXBuildFile section */

/* Begin PBXFileReference section */
		AF9B657420AE4A140076666A /* ARPoints.app */ = {isa = PBXFileReference; explicitFileType = wrapper.application; includeInIndex = 0; path = ARPoints.app; sourceTree = BUILT_PRODUCTS_DIR; };
		AF9B657720AE4A140076666A /* AppDelegate.swift */ = {isa = PBXFileReference; lastKnownFileType = sourcecode.swift; path = AppDelegate.swift; sourceTree = "<group>"; };
		AF9B657920AE4A140076666A /* ViewController.swift */ = {isa = PBXFileReference; lastKnownFileType = sourcecode.swift; path = ViewController.swift; sourceTree = "<group>"; };
		AF9B657C20AE4A140076666A /* Base */ = {isa = PBXFileReference; lastKnownFileType = file.storyboard; name = Base; path = Base.lproj/Main.storyboard; sourceTree = "<group>"; };
		AF9B657E20AE4A150076666A /* Assets.xcassets */ = {isa = PBXFileReference; lastKnownFileType = folder.assetcatalog; path = Assets.xcassets; sourceTree = "<group>"; };
		AF9B658120AE4A150076666A /* Base */ = {isa = PBXFileReference; lastKnownFileType = file.storyboard; name = Base; path = Base.lproj/LaunchScreen.storyboard; sourceTree = "<group>"; };
		AF9B658320AE4A150076666A /* Info.plist */ = {isa = PBXFileReference; lastKnownFileType = text.plist.xml; path = Info.plist; sourceTree = "<group>"; };
		AF9B658920AE4C010076666A /* ARSettings.swift */ = {isa = PBXFileReference; fileEncoding = 4; lastKnownFileType = sourcecode.swift; path = ARSettings.swift; sourceTree = "<group>"; };
/* End PBXFileReference section */

/* Begin PBXFrameworksBuildPhase section */
		AF9B657120AE4A140076666A /* Frameworks */ = {
			isa = PBXFrameworksBuildPhase;
			buildActionMask = 2147483647;
			files = (
			);
			runOnlyForDeploymentPostprocessing = 0;
		};
/* End PBXFrameworksBuildPhase section */

/* Begin PBXGroup section */
		AF9B656B20AE4A140076666A = {
			isa = PBXGroup;
			children = (
				AF9B657620AE4A140076666A /* ARPoints */,
				AF9B657520AE4A140076666A /* Products */,
			);
			sourceTree = "<group>";
		};
		AF9B657520AE4A140076666A /* Products */ = {
			isa = PBXGroup;
			children = (
				AF9B657420AE4A140076666A /* ARPoints.app */,
			);
			name = Products;
			sourceTree = "<group>";
		};
		AF9B657620AE4A140076666A /* ARPoints */ = {
			isa = PBXGroup;
			children = (
				AFF3EBC920AECB6A00D8835D /* Extensions */,
				AF9B657720AE4A140076666A /* AppDelegate.swift */,
				AF9B657920AE4A140076666A /* ViewController.swift */,
				AF9B657B20AE4A140076666A /* Main.storyboard */,
				AF9B657E20AE4A150076666A /* Assets.xcassets */,
				AF9B658020AE4A150076666A /* LaunchScreen.storyboard */,
				AF9B658320AE4A150076666A /* Info.plist */,
			);
			path = ARPoints;
			sourceTree = "<group>";
		};
		AFF3EBC920AECB6A00D8835D /* Extensions */ = {
			isa = PBXGroup;
			children = (
				AF9B658920AE4C010076666A /* ARSettings.swift */,
			);
			path = Extensions;
			sourceTree = "<group>";
		};
/* End PBXGroup section */

/* Begin PBXNativeTarget section */
		AF9B657320AE4A140076666A /* ARPoints */ = {
			isa = PBXNativeTarget;
			buildConfigurationList = AF9B658620AE4A150076666A /* Build configuration list for PBXNativeTarget "ARPoints" */;
			buildPhases = (
				AF9B657020AE4A140076666A /* Sources */,
				AF9B657120AE4A140076666A /* Frameworks */,
				AF9B657220AE4A140076666A /* Resources */,
			);
			buildRules = (
			);
			dependencies = (
			);
			name = ARPoints;
			productName = ARPoints;
			productReference = AF9B657420AE4A140076666A /* ARPoints.app */;
			productType = "com.apple.product-type.application";
		};
/* End PBXNativeTarget section */

/* Begin PBXProject section */
		AF9B656C20AE4A140076666A /* Project object */ = {
			isa = PBXProject;
			attributes = {
				LastSwiftUpdateCheck = 0940;
				LastUpgradeCheck = 0940;
				ORGANIZATIONNAME = BlackMirrorz;
				TargetAttributes = {
					AF9B657320AE4A140076666A = {
						CreatedOnToolsVersion = 9.4;
					};
				};
			};
			buildConfigurationList = AF9B656F20AE4A140076666A /* Build configuration list for PBXProject "ARPoints" */;
			compatibilityVersion = "Xcode 9.3";
			developmentRegion = en;
			hasScannedForEncodings = 0;
			knownRegions = (
				en,
				Base,
			);
			mainGroup = AF9B656B20AE4A140076666A;
			productRefGroup = AF9B657520AE4A140076666A /* Products */;
			projectDirPath = "";
			projectRoot = "";
			targets = (
				AF9B657320AE4A140076666A /* ARPoints */,
			);
		};
/* End PBXProject section */

/* Begin PBXResourcesBuildPhase section */
		AF9B657220AE4A140076666A /* Resources */ = {
			isa = PBXResourcesBuildPhase;
			buildActionMask = 2147483647;
			files = (
				AF9B658220AE4A150076666A /* LaunchScreen.storyboard in Resources */,
				AF9B657F20AE4A150076666A /* Assets.xcassets in Resources */,
				AF9B657D20AE4A140076666A /* Main.storyboard in Resources */,
			);
			runOnlyForDeploymentPostprocessing = 0;
		};
/* End PBXResourcesBuildPhase section */

/* Begin PBXSourcesBuildPhase section */
		AF9B657020AE4A140076666A /* Sources */ = {
			isa = PBXSourcesBuildPhase;
			buildActionMask = 2147483647;
			files = (
				AF9B657A20AE4A140076666A /* ViewController.swift in Sources */,
				AF9B658A20AE4C010076666A /* ARSettings.swift in Sources */,
				AF9B657820AE4A140076666A /* AppDelegate.swift in Sources */,
			);
			runOnlyForDeploymentPostprocessing = 0;
		};
/* End PBXSourcesBuildPhase section */

/* Begin PBXVariantGroup section */
		AF9B657B20AE4A140076666A /* Main.storyboard */ = {
			isa = PBXVariantGroup;
			children = (
				AF9B657C20AE4A140076666A /* Base */,
			);
			name = Main.storyboard;
			sourceTree = "<group>";
		};
		AF9B658020AE4A150076666A /* LaunchScreen.storyboard */ = {
			isa = PBXVariantGroup;
			children = (
				AF9B658120AE4A150076666A /* Base */,
			);
			name = LaunchScreen.storyboard;
			sourceTree = "<group>";
		};
/* End PBXVariantGroup section */

/* Begin XCBuildConfiguration section */
		AF9B658420AE4A150076666A /* Debug */ = {
			isa = XCBuildConfiguration;
			buildSettings = {
				ALWAYS_SEARCH_USER_PATHS = NO;
				CLANG_ANALYZER_NONNULL = YES;
				CLANG_ANALYZER_NUMBER_OBJECT_CONVERSION = YES_AGGRESSIVE;
				CLANG_CXX_LANGUAGE_STANDARD = "gnu++14";
				CLANG_CXX_LIBRARY = "libc++";
				CLANG_ENABLE_MODULES = YES;
				CLANG_ENABLE_OBJC_ARC = YES;
				CLANG_ENABLE_OBJC_WEAK = YES;
				CLANG_WARN_BLOCK_CAPTURE_AUTORELEASING = YES;
				CLANG_WARN_BOOL_CONVERSION = YES;
				CLANG_WARN_COMMA = YES;
				CLANG_WARN_CONSTANT_CONVERSION = YES;
				CLANG_WARN_DEPRECATED_OBJC_IMPLEMENTATIONS = YES;
				CLANG_WARN_DIRECT_OBJC_ISA_USAGE = YES_ERROR;
				CLANG_WARN_DOCUMENTATION_COMMENTS = YES;
				CLANG_WARN_EMPTY_BODY = YES;
				CLANG_WARN_ENUM_CONVERSION = YES;
				CLANG_WARN_INFINITE_RECURSION = YES;
				CLANG_WARN_INT_CONVERSION = YES;
				CLANG_WARN_NON_LITERAL_NULL_CONVERSION = YES;
				CLANG_WARN_OBJC_IMPLICIT_RETAIN_SELF = YES;
				CLANG_WARN_OBJC_LITERAL_CONVERSION = YES;
				CLANG_WARN_OBJC_ROOT_CLASS = YES_ERROR;
				CLANG_WARN_RANGE_LOOP_ANALYSIS = YES;
				CLANG_WARN_STRICT_PROTOTYPES = YES;
				CLANG_WARN_SUSPICIOUS_MOVE = YES;
				CLANG_WARN_UNGUARDED_AVAILABILITY = YES_AGGRESSIVE;
				CLANG_WARN_UNREACHABLE_CODE = YES;
				CLANG_WARN__DUPLICATE_METHOD_MATCH = YES;
				CODE_SIGN_IDENTITY = "iPhone Developer";
				COPY_PHASE_STRIP = NO;
				DEBUG_INFORMATION_FORMAT = dwarf;
				ENABLE_STRICT_OBJC_MSGSEND = YES;
				ENABLE_TESTABILITY = YES;
				GCC_C_LANGUAGE_STANDARD = gnu11;
				GCC_DYNAMIC_NO_PIC = NO;
				GCC_NO_COMMON_BLOCKS = YES;
				GCC_OPTIMIZATION_LEVEL = 0;
				GCC_PREPROCESSOR_DEFINITIONS = (
					"DEBUG=1",
					"$(inherited)",
				);
				GCC_WARN_64_TO_32_BIT_CONVERSION = YES;
				GCC_WARN_ABOUT_RETURN_TYPE = YES_ERROR;
				GCC_WARN_UNDECLARED_SELECTOR = YES;
				GCC_WARN_UNINITIALIZED_AUTOS = YES_AGGRESSIVE;
				GCC_WARN_UNUSED_FUNCTION = YES;
				GCC_WARN_UNUSED_VARIABLE = YES;
				IPHONEOS_DEPLOYMENT_TARGET = 11.4;
				MTL_ENABLE_DEBUG_INFO = YES;
				ONLY_ACTIVE_ARCH = YES;
				SDKROOT = iphoneos;
				SWIFT_ACTIVE_COMPILATION_CONDITIONS = DEBUG;
				SWIFT_OPTIMIZATION_LEVEL = "-Onone";
			};
			name = Debug;
		};
		AF9B658520AE4A150076666A /* Release */ = {
			isa = XCBuildConfiguration;
			buildSettings = {
				ALWAYS_SEARCH_USER_PATHS = NO;
				CLANG_ANALYZER_NONNULL = YES;
				CLANG_ANALYZER_NUMBER_OBJECT_CONVERSION = YES_AGGRESSIVE;
				CLANG_CXX_LANGUAGE_STANDARD = "gnu++14";
				CLANG_CXX_LIBRARY = "libc++";
				CLANG_ENABLE_MODULES = YES;
				CLANG_ENABLE_OBJC_ARC = YES;
				CLANG_ENABLE_OBJC_WEAK = YES;
				CLANG_WARN_BLOCK_CAPTURE_AUTORELEASING = YES;
				CLANG_WARN_BOOL_CONVERSION = YES;
				CLANG_WARN_COMMA = YES;
				CLANG_WARN_CONSTANT_CONVERSION = YES;
				CLANG_WARN_DEPRECATED_OBJC_IMPLEMENTATIONS = YES;
				CLANG_WARN_DIRECT_OBJC_ISA_USAGE = YES_ERROR;
				CLANG_WARN_DOCUMENTATION_COMMENTS = YES;
				CLANG_WARN_EMPTY_BODY = YES;
				CLANG_WARN_ENUM_CONVERSION = YES;
				CLANG_WARN_INFINITE_RECURSION = YES;
				CLANG_WARN_INT_CONVERSION = YES;
				CLANG_WARN_NON_LITERAL_NULL_CONVERSION = YES;
				CLANG_WARN_OBJC_IMPLICIT_RETAIN_SELF = YES;
				CLANG_WARN_OBJC_LITERAL_CONVERSION = YES;
				CLANG_WARN_OBJC_ROOT_CLASS = YES_ERROR;
				CLANG_WARN_RANGE_LOOP_ANALYSIS = YES;
				CLANG_WARN_STRICT_PROTOTYPES = YES;
				CLANG_WARN_SUSPICIOUS_MOVE = YES;
				CLANG_WARN_UNGUARDED_AVAILABILITY = YES_AGGRESSIVE;
				CLANG_WARN_UNREACHABLE_CODE = YES;
				CLANG_WARN__DUPLICATE_METHOD_MATCH = YES;
				CODE_SIGN_IDENTITY = "iPhone Developer";
				COPY_PHASE_STRIP = NO;
				DEBUG_INFORMATION_FORMAT = "dwarf-with-dsym";
				ENABLE_NS_ASSERTIONS = NO;
				ENABLE_STRICT_OBJC_MSGSEND = YES;
				GCC_C_LANGUAGE_STANDARD = gnu11;
				GCC_NO_COMMON_BLOCKS = YES;
				GCC_WARN_64_TO_32_BIT_CONVERSION = YES;
				GCC_WARN_ABOUT_RETURN_TYPE = YES_ERROR;
				GCC_WARN_UNDECLARED_SELECTOR = YES;
				GCC_WARN_UNINITIALIZED_AUTOS = YES_AGGRESSIVE;
				GCC_WARN_UNUSED_FUNCTION = YES;
				GCC_WARN_UNUSED_VARIABLE = YES;
				IPHONEOS_DEPLOYMENT_TARGET = 11.4;
				MTL_ENABLE_DEBUG_INFO = NO;
				SDKROOT = iphoneos;
				SWIFT_COMPILATION_MODE = wholemodule;
				SWIFT_OPTIMIZATION_LEVEL = "-O";
				VALIDATE_PRODUCT = YES;
			};
			name = Release;
		};
		AF9B658720AE4A150076666A /* Debug */ = {
			isa = XCBuildConfiguration;
			buildSettings = {
				ASSETCATALOG_COMPILER_APPICON_NAME = AppIcon;
				CODE_SIGN_STYLE = Automatic;
				DEVELOPMENT_TEAM = DHKEQ8PRAX;
				INFOPLIST_FILE = ARPoints/Info.plist;
				LD_RUNPATH_SEARCH_PATHS = (
					"$(inherited)",
					"@executable_path/Frameworks",
				);
				PRODUCT_BUNDLE_IDENTIFIER = co.uk.blackMirrorz.ARPoints;
				PRODUCT_NAME = "$(TARGET_NAME)";
				SWIFT_VERSION = 4.0;
				TARGETED_DEVICE_FAMILY = 1;
			};
			name = Debug;
		};
		AF9B658820AE4A150076666A /* Release */ = {
			isa = XCBuildConfiguration;
			buildSettings = {
				ASSETCATALOG_COMPILER_APPICON_NAME = AppIcon;
				CODE_SIGN_STYLE = Automatic;
				DEVELOPMENT_TEAM = DHKEQ8PRAX;
				INFOPLIST_FILE = ARPoints/Info.plist;
				LD_RUNPATH_SEARCH_PATHS = (
					"$(inherited)",
					"@executable_path/Frameworks",
				);
				PRODUCT_BUNDLE_IDENTIFIER = co.uk.blackMirrorz.ARPoints;
				PRODUCT_NAME = "$(TARGET_NAME)";
				SWIFT_VERSION = 4.0;
				TARGETED_DEVICE_FAMILY = 1;
			};
			name = Release;
		};
/* End XCBuildConfiguration section */

/* Begin XCConfigurationList section */
		AF9B656F20AE4A140076666A /* Build configuration list for PBXProject "ARPoints" */ = {
			isa = XCConfigurationList;
			buildConfigurations = (
				AF9B658420AE4A150076666A /* Debug */,
				AF9B658520AE4A150076666A /* Release */,
			);
			defaultConfigurationIsVisible = 0;
			defaultConfigurationName = Release;
		};
		AF9B658620AE4A150076666A /* Build configuration list for PBXNativeTarget "ARPoints" */ = {
			isa = XCConfigurationList;
			buildConfigurations = (
				AF9B658720AE4A150076666A /* Debug */,
				AF9B658820AE4A150076666A /* Release */,
			);
			defaultConfigurationIsVisible = 0;
			defaultConfigurationName = Release;
		};
/* End XCConfigurationList section */
	};
	rootObject = AF9B656C20AE4A140076666A /* Project object */;
}
